{
  "name": "@gcorevideo/utils",
  "version": "0.6.0",
  "lockfileVersion": 3,
  "requires": true,
  "packages": {
    "": {
      "name": "@gcorevideo/utils",
      "version": "0.6.0",
      "license": "Apache-2.0",
      "dependencies": {
        "@sentry/types": "^8.51.0",
        "event-lite": "^1.0.0"
      },
      "devDependencies": {
        "@types/node": "^22.10.10",
        "typescript": "^5.7.3"
      }
    },
    "node_modules/@sentry/core": {
      "version": "8.51.0",
      "resolved": "https://registry.npmjs.org/@sentry/core/-/core-8.51.0.tgz",
      "integrity": "sha512-Go0KxCYLw+OBIlLSv5YsYX+x9NW43fNVcyB6rhkSp2Q5Zme3tAE6KtZFvyu4SO7G/903wisW5Q6qV6UuK/ee4A==",
      "license": "MIT",
      "engines": {
        "node": ">=14.18"
      }
    },
    "node_modules/@sentry/types": {
      "version": "8.51.0",
      "resolved": "https://registry.npmjs.org/@sentry/types/-/types-8.51.0.tgz",
      "integrity": "sha512-LNwI3IrZR0OaB3u4e8PwjRCO/NZy0m3Hld8j44WnbA/fwq0V5b9PH0wG6NCISOsIBSDzun0HpHCUi3VeQoupvw==",
      "license": "MIT",
      "dependencies": {
        "@sentry/core": "8.51.0"
      },
      "engines": {
        "node": ">=14.18"
      }
    },
    "node_modules/@types/node": {
      "version": "22.10.10",
      "resolved": "https://registry.npmjs.org/@types/node/-/node-22.10.10.tgz",
      "integrity": "sha512-X47y/mPNzxviAGY5TcYPtYL8JsY3kAq2n8fMmKoRCxq/c4v4pyGNCzM2R6+M5/umG4ZfHuT+sgqDYqWc9rJ6ww==",
      "dev": true,
      "license": "MIT",
      "dependencies": {
        "undici-types": "~6.20.0"
      }
    },
    "node_modules/event-lite": {
      "version": "1.0.0",
      "resolved": "https://registry.npmjs.org/event-lite/-/event-lite-1.0.0.tgz",
      "integrity": "sha512-Yvh7ZK/xPpBNxbsV5LMwk0C51RQCmIHExY112PWKeutlEFGCQGmqyLvSd7euYtDqki2QcGM2/2XtBam8AxPIUA==",
      "license": "MIT"
    },
    "node_modules/typescript": {
      "version": "5.7.3",
      "resolved": "https://registry.npmjs.org/typescript/-/typescript-5.7.3.tgz",
      "integrity": "sha512-84MVSjMEHP+FQRPy3pX9sTVV/INIex71s9TL2Gm5FG/WG1SqXeKyZ0k7/blY/4FdOzI12CBy1vGc4og/eus0fw==",
      "dev": true,
      "license": "Apache-2.0",
      "bin": {
        "tsc": "bin/tsc",
        "tsserver": "bin/tsserver"
      },
      "engines": {
        "node": ">=14.17"
      }
    },
    "node_modules/undici-types": {
      "version": "6.20.0",
      "resolved": "https://registry.npmjs.org/undici-types/-/undici-types-6.20.0.tgz",
      "integrity": "sha512-Ny6QZ2Nju20vw1SRHe3d9jVu6gJ+4e3+MMpqu7pqE5HT6WsTSlce++GQmK5UXS8mzV8DSYHrQH+Xrf2jVcuKNg==",
      "dev": true,
      "license": "MIT"
    }
  }
}
