{
  "name": "@gcorevideo/utils",
  "version": "0.6.0",
  "lockfileVersion": 3,
  "requires": true,
  "packages": {
    "": {
      "name": "@gcorevideo/utils",
      "version": "0.6.0",
      "license": "Apache-2.0",
      "dependencies": {
        "@sentry/types": "^9.5.0",
        "event-lite": "^1.0.0"
      },
      "devDependencies": {
        "@types/node": "^22.10.10",
        "typescript": "^5.7.3"
      }
    },
    "node_modules/@sentry/core": {
      "version": "9.15.0",
      "resolved": "https://registry.npmjs.org/@sentry/core/-/core-9.15.0.tgz",
      "integrity": "sha512-lBmo3bzzaYUesdzc2H5K3fajfXyUNuj5koqyFoCAI8rnt9CBl7SUc/P07+E5eipF8mxgiU3QtkI7ALzRQN8pqQ==",
      "license": "MIT",
      "engines": {
        "node": ">=18"
      }
    },
    "node_modules/@sentry/types": {
      "version": "9.15.0",
      "resolved": "https://registry.npmjs.org/@sentry/types/-/types-9.15.0.tgz",
      "integrity": "sha512-txQhb39vySyfiOo5w132lGylip0hyFZU5q4hgdILm2DbDVtvQN+MrXS1ocjlw9VyxhkT6Q/6W/q0pwkMRv6rIg==",
      "license": "MIT",
      "dependencies": {
        "@sentry/core": "9.15.0"
      },
      "engines": {
        "node": ">=18"
      }
    },
    "node_modules/@types/node": {
      "version": "22.15.7",
      "resolved": "https://registry.npmjs.org/@types/node/-/node-22.15.7.tgz",
      "integrity": "sha512-3hieEH05p8cnASknk8cYV71K2Vqmn4Nv8gjvRc5N3XbMlBS4wPwsmsw5bcHw6ISL36vVFuAhElcQCf7Ir4bR0w==",
      "dev": true,
      "license": "MIT",
      "dependencies": {
        "undici-types": "~6.21.0"
      }
    },
    "node_modules/event-lite": {
      "version": "1.0.0",
      "resolved": "https://registry.npmjs.org/event-lite/-/event-lite-1.0.0.tgz",
      "integrity": "sha512-Yvh7ZK/xPpBNxbsV5LMwk0C51RQCmIHExY112PWKeutlEFGCQGmqyLvSd7euYtDqki2QcGM2/2XtBam8AxPIUA==",
      "license": "MIT"
    },
    "node_modules/typescript": {
      "version": "5.8.3",
      "resolved": "https://registry.npmjs.org/typescript/-/typescript-5.8.3.tgz",
      "integrity": "sha512-p1diW6TqL9L07nNxvRMM7hMMw4c5XOo/1ibL4aAIGmSAt9slTE1Xgw5KWuof2uTOvCg9BY7ZRi+GaF+7sfgPeQ==",
      "dev": true,
      "license": "Apache-2.0",
      "bin": {
        "tsc": "bin/tsc",
        "tsserver": "bin/tsserver"
      },
      "engines": {
        "node": ">=14.17"
      }
    },
    "node_modules/undici-types": {
      "version": "6.21.0",
      "resolved": "https://registry.npmjs.org/undici-types/-/undici-types-6.21.0.tgz",
      "integrity": "sha512-iwDZqg0QAGrg9Rav5H4n0M64c3mkR59cJ6wQp+7C4nI0gsmExaedaYLNO44eT4AtBBwjbTiGPMlt2Md0T9H9JQ==",
      "dev": true,
      "license": "MIT"
    }
  }
}
