{
  "name": "@gcorevideo/utils",
  "version": "0.6.0",
  "lockfileVersion": 3,
  "requires": true,
  "packages": {
    "": {
      "name": "@gcorevideo/utils",
      "version": "0.6.0",
      "license": "Apache-2.0",
      "dependencies": {
        "@sentry/types": "^9.5.0",
        "event-lite": "^1.0.0"
      },
      "devDependencies": {
        "@types/node": "^22.10.10",
        "typescript": "^5.7.3"
      }
    },
    "node_modules/@sentry/core": {
      "version": "9.5.0",
      "resolved": "https://registry.npmjs.org/@sentry/core/-/core-9.5.0.tgz",
      "integrity": "sha512-NMqyFdyg26ECAfnibAPKT8vvAt4zXp4R7dYtQnwJKhEJEVkgAshcNYeJ2D95ZLMVOqlqhTtTPnw1vqf+v9ePZg==",
      "license": "MIT",
      "engines": {
        "node": ">=18"
      }
    },
    "node_modules/@sentry/types": {
      "version": "9.5.0",
      "resolved": "https://registry.npmjs.org/@sentry/types/-/types-9.5.0.tgz",
      "integrity": "sha512-vEUhezr57hApXgIuep3buHxwWT/Sl0KBNg1W8F0WFTS5NyLnNGm8Lv8OSdMDKTzC5a6OhYH+fG6wmmhH16z0jQ==",
      "license": "MIT",
      "dependencies": {
        "@sentry/core": "9.5.0"
      },
      "engines": {
        "node": ">=18"
      }
    },
    "node_modules/@types/node": {
      "version": "22.13.13",
      "resolved": "https://registry.npmjs.org/@types/node/-/node-22.13.13.tgz",
      "integrity": "sha512-ClsL5nMwKaBRwPcCvH8E7+nU4GxHVx1axNvMZTFHMEfNI7oahimt26P5zjVCRrjiIWj6YFXfE1v3dEp94wLcGQ==",
      "dev": true,
      "license": "MIT",
      "dependencies": {
        "undici-types": "~6.20.0"
      }
    },
    "node_modules/event-lite": {
      "version": "1.0.0",
      "resolved": "https://registry.npmjs.org/event-lite/-/event-lite-1.0.0.tgz",
      "integrity": "sha512-Yvh7ZK/xPpBNxbsV5LMwk0C51RQCmIHExY112PWKeutlEFGCQGmqyLvSd7euYtDqki2QcGM2/2XtBam8AxPIUA==",
      "license": "MIT"
    },
    "node_modules/typescript": {
      "version": "5.8.2",
      "resolved": "https://registry.npmjs.org/typescript/-/typescript-5.8.2.tgz",
      "integrity": "sha512-aJn6wq13/afZp/jT9QZmwEjDqqvSGp1VT5GVg+f/t6/oVyrgXM6BY1h9BRh/O5p3PlUPAe+WuiEZOmb/49RqoQ==",
      "dev": true,
      "license": "Apache-2.0",
      "bin": {
        "tsc": "bin/tsc",
        "tsserver": "bin/tsserver"
      },
      "engines": {
        "node": ">=14.17"
      }
    },
    "node_modules/undici-types": {
      "version": "6.20.0",
      "resolved": "https://registry.npmjs.org/undici-types/-/undici-types-6.20.0.tgz",
      "integrity": "sha512-Ny6QZ2Nju20vw1SRHe3d9jVu6gJ+4e3+MMpqu7pqE5HT6WsTSlce++GQmK5UXS8mzV8DSYHrQH+Xrf2jVcuKNg==",
      "dev": true,
      "license": "MIT"
    }
  }
}
